
Microsoft Visual Studio Solution File, Format Version 12.00
# Visual Studio 15
VisualStudioVersion = 15.0.28307.271
MinimumVisualStudioVersion = 10.0.40219.1
Project("{FAE04EC0-301F-11D3-BF4B-00C04F79EFBC}") = "WebApplication16", "WebApplication16\WebApplication16.csproj", "{F9D193E2-8791-4381-90D5-123F12F2273F}"
EndProject
Global
	GlobalSection(SolutionConfigurationPlatforms) = preSolution
		Debug|Any CPU = Debug|Any CPU
		Release|Any CPU = Release|Any CPU
	EndGlobalSection
	GlobalSection(ProjectConfigurationPlatforms) = postSolution
		{F9D193E2-8791-4381-90D5-123F12F2273F}.Debug|Any CPU.ActiveCfg = Debug|Any CPU
		{F9D193E2-8791-4381-90D5-123F12F2273F}.Debug|Any CPU.Build.0 = Debug|Any CPU
		{F9D193E2-8791-4381-90D5-123F12F2273F}.Release|Any CPU.ActiveCfg = Release|Any CPU
		{F9D193E2-8791-4381-90D5-123F12F2273F}.Release|Any CPU.Build.0 = Release|Any CPU
	EndGlobalSection
	GlobalSection(SolutionProperties) = preSolution
		HideSolutionNode = FALSE
	EndGlobalSection
	GlobalSection(ExtensibilityGlobals) = postSolution
		SolutionGuid = {0A2F08D7-1230-4A72-BA75-2873E5FCF06B}
	EndGlobalSection
EndGlobal
